
Microsoft Visual Studio Solution File, Format Version 12.00
# Visual Studio Version 17
VisualStudioVersion = 17.4.33403.182
MinimumVisualStudioVersion = 10.0.40219.1
Project("{FAE04EC0-301F-11D3-BF4B-00C04F79EFBC}") = "CinemaManager-Oumaima", "CinemaManager-Oumaima\CinemaManager-Oumaima.csproj", "{CA3F660D-C46E-4006-A2EB-7CEAC5E9472D}"
EndProject
Global
	GlobalSection(SolutionConfigurationPlatforms) = preSolution
		Debug|Any CPU = Debug|Any CPU
		Release|Any CPU = Release|Any CPU
	EndGlobalSection
	GlobalSection(ProjectConfigurationPlatforms) = postSolution
		{CA3F660D-C46E-4006-A2EB-7CEAC5E9472D}.Debug|Any CPU.ActiveCfg = Debug|Any CPU
		{CA3F660D-C46E-4006-A2EB-7CEAC5E9472D}.Debug|Any CPU.Build.0 = Debug|Any CPU
		{CA3F660D-C46E-4006-A2EB-7CEAC5E9472D}.Release|Any CPU.ActiveCfg = Release|Any CPU
		{CA3F660D-C46E-4006-A2EB-7CEAC5E9472D}.Release|Any CPU.Build.0 = Release|Any CPU
	EndGlobalSection
	GlobalSection(SolutionProperties) = preSolution
		HideSolutionNode = FALSE
	EndGlobalSection
	GlobalSection(ExtensibilityGlobals) = postSolution
		SolutionGuid = {A39644E1-45E9-4C1F-AE0A-2E0BFAB65CFE}
	EndGlobalSection
EndGlobal
